
Microsoft Visual Studio Solution File, Format Version 12.00
# Visual Studio Version 16
VisualStudioVersion = 16.0.32106.194
MinimumVisualStudioVersion = 10.0.40219.1
Project("{9A19103F-16F7-4668-BE54-9A1E7A4F7556}") = "Alpha", "Alpha\Alpha.csproj", "{C9170890-659E-49E4-ACC1-CEB277196239}"
EndProject
Global
	GlobalSection(SolutionConfigurationPlatforms) = preSolution
		Debug|Any CPU = Debug|Any CPU
		Release|Any CPU = Release|Any CPU
	EndGlobalSection
	GlobalSection(ProjectConfigurationPlatforms) = postSolution
		{C9170890-659E-49E4-ACC1-CEB277196239}.Debug|Any CPU.ActiveCfg = Debug|Any CPU
		{C9170890-659E-49E4-ACC1-CEB277196239}.Debug|Any CPU.Build.0 = Debug|Any CPU
		{C9170890-659E-49E4-ACC1-CEB277196239}.Release|Any CPU.ActiveCfg = Release|Any CPU
		{C9170890-659E-49E4-ACC1-CEB277196239}.Release|Any CPU.Build.0 = Release|Any CPU
	EndGlobalSection
	GlobalSection(SolutionProperties) = preSolution
		HideSolutionNode = FALSE
	EndGlobalSection
	GlobalSection(ExtensibilityGlobals) = postSolution
		SolutionGuid = {168A573B-CE4D-4A85-AD45-D7FF15FC61FC}
	EndGlobalSection
EndGlobal
